
Microsoft Visual Studio Solution File, Format Version 12.00
# Visual Studio Version 17
VisualStudioVersion = 17.0.31903.59
MinimumVisualStudioVersion = 10.0.40219.1
Project("{FAE04EC0-301F-11D3-BF4B-00C04F79EFBC}") = "CoachingSystem.Domain", "CoachingSystem.Domain\CoachingSystem.Domain.csproj", "{5A6186A2-8F45-42A9-B1CC-E491B846C313}"
EndProject
Project("{FAE04EC0-301F-11D3-BF4B-00C04F79EFBC}") = "CoachingSystem.Application", "CoachingSystem.Application\CoachingSystem.Application.csproj", "{0522AAFA-B165-415F-B473-AA264BD5E0AB}"
EndProject
Project("{FAE04EC0-301F-11D3-BF4B-00C04F79EFBC}") = "CoachingSystem.Infrastructure", "CoachingSystem.Infrastructure\CoachingSystem.Infrastructure.csproj", "{26339A76-5895-4697-BE75-217A52041219}"
EndProject
Project("{FAE04EC0-301F-11D3-BF4B-00C04F79EFBC}") = "CoachingSystem.API", "CoachingSystem.API\CoachingSystem.API.csproj", "{E97ACCBE-6D19-4604-A23B-9CE87A3EE549}"
EndProject
Global
	GlobalSection(SolutionConfigurationPlatforms) = preSolution
		Debug|Any CPU = Debug|Any CPU
		Release|Any CPU = Release|Any CPU
	EndGlobalSection
	GlobalSection(SolutionProperties) = preSolution
		HideSolutionNode = FALSE
	EndGlobalSection
	GlobalSection(ProjectConfigurationPlatforms) = postSolution
		{5A6186A2-8F45-42A9-B1CC-E491B846C313}.Debug|Any CPU.ActiveCfg = Debug|Any CPU
		{5A6186A2-8F45-42A9-B1CC-E491B846C313}.Debug|Any CPU.Build.0 = Debug|Any CPU
		{5A6186A2-8F45-42A9-B1CC-E491B846C313}.Release|Any CPU.ActiveCfg = Release|Any CPU
		{5A6186A2-8F45-42A9-B1CC-E491B846C313}.Release|Any CPU.Build.0 = Release|Any CPU
		{0522AAFA-B165-415F-B473-AA264BD5E0AB}.Debug|Any CPU.ActiveCfg = Debug|Any CPU
		{0522AAFA-B165-415F-B473-AA264BD5E0AB}.Debug|Any CPU.Build.0 = Debug|Any CPU
		{0522AAFA-B165-415F-B473-AA264BD5E0AB}.Release|Any CPU.ActiveCfg = Release|Any CPU
		{0522AAFA-B165-415F-B473-AA264BD5E0AB}.Release|Any CPU.Build.0 = Release|Any CPU
		{26339A76-5895-4697-BE75-217A52041219}.Debug|Any CPU.ActiveCfg = Debug|Any CPU
		{26339A76-5895-4697-BE75-217A52041219}.Debug|Any CPU.Build.0 = Debug|Any CPU
		{26339A76-5895-4697-BE75-217A52041219}.Release|Any CPU.ActiveCfg = Release|Any CPU
		{26339A76-5895-4697-BE75-217A52041219}.Release|Any CPU.Build.0 = Release|Any CPU
		{E97ACCBE-6D19-4604-A23B-9CE87A3EE549}.Debug|Any CPU.ActiveCfg = Debug|Any CPU
		{E97ACCBE-6D19-4604-A23B-9CE87A3EE549}.Debug|Any CPU.Build.0 = Debug|Any CPU
		{E97ACCBE-6D19-4604-A23B-9CE87A3EE549}.Release|Any CPU.ActiveCfg = Release|Any CPU
		{E97ACCBE-6D19-4604-A23B-9CE87A3EE549}.Release|Any CPU.Build.0 = Release|Any CPU
	EndGlobalSection
EndGlobal
